
Microsoft Visual Studio Solution File, Format Version 12.00
# Visual Studio Version 17
VisualStudioVersion = 17.7.34024.191
MinimumVisualStudioVersion = 10.0.40219.1
Project("{8BC9CEB8-8B4A-11D0-8D11-00A0C91BC942}") = "PuzzleSolverComplete", "PuzzleSolverComplete.vcxproj", "{3998EB22-D04B-40C8-A887-F7D98EB50084}"
EndProject
Global
	GlobalSection(SolutionConfigurationPlatforms) = preSolution
		Debug|x64 = Debug|x64
		Debug|x86 = Debug|x86
		Release|x64 = Release|x64
		Release|x86 = Release|x86
	EndGlobalSection
	GlobalSection(ProjectConfigurationPlatforms) = postSolution
		{3998EB22-D04B-40C8-A887-F7D98EB50084}.Debug|x64.ActiveCfg = Debug|x64
		{3998EB22-D04B-40C8-A887-F7D98EB50084}.Debug|x64.Build.0 = Debug|x64
		{3998EB22-D04B-40C8-A887-F7D98EB50084}.Debug|x86.ActiveCfg = Debug|Win32
		{3998EB22-D04B-40C8-A887-F7D98EB50084}.Debug|x86.Build.0 = Debug|Win32
		{3998EB22-D04B-40C8-A887-F7D98EB50084}.Release|x64.ActiveCfg = Release|x64
		{3998EB22-D04B-40C8-A887-F7D98EB50084}.Release|x64.Build.0 = Release|x64
		{3998EB22-D04B-40C8-A887-F7D98EB50084}.Release|x86.ActiveCfg = Release|Win32
		{3998EB22-D04B-40C8-A887-F7D98EB50084}.Release|x86.Build.0 = Release|Win32
	EndGlobalSection
	GlobalSection(SolutionProperties) = preSolution
		HideSolutionNode = FALSE
	EndGlobalSection
	GlobalSection(ExtensibilityGlobals) = postSolution
		SolutionGuid = {C211029D-2641-4B3A-A883-C3A5EE5D3604}
	EndGlobalSection
EndGlobal
